github.com/kirides/go-d3d v1.0.1 h1:ZDANfvo34vskBMET1uwUUMNw8545Kbe8qYSiRwlNIuA=
github.com/kirides/go-d3d v1.0.1/go.mod h1:99AjD+5mRTFEnkpRWkwq8UYMQDljGIIvLn2NyRdVImY=
golang.org/x/sys v0.45.0 h1:dO4czNzziLiiXplLQgBCEpCvXQ3dnkn0SdaZSYdQ+FY=
golang.org/x/sys v0.45.0/go.mod h1:4GL1E5IUh+htKOUEOaiffhrAeqysfVGipDYzABqnCmw=
